{
  "nodes": {
    "nixpkgs": {
      "locked": {
        "lastModified": 1716292277,
        "narHash": "sha256-248jDA6qGlyKvNWf8ar44xQRNxc/FmEibBTfoYeTH5Y=",
        "owner": "NixOS",
        "repo": "nixpkgs",
        "rev": "8fcbc5106945623794244cae1b4add3e3469a0db",
        "type": "github"
      },
      "original": {
        "owner": "NixOS",
        "ref": "release-23.11",
        "repo": "nixpkgs",
        "type": "github"
      }
    },
    "root": {
      "inputs": {
        "nixpkgs": "nixpkgs"
      }
    }
  },
  "root": "root",
  "version": 7
}
